PODS:
  - CircleProgressBar (0.32)
  - LWDynamicFont (1.0)
  - LWProgressView (1.0):
    - CircleProgressBar
    - Masonry
  - Masonry (1.1.0)

DEPENDENCIES:
  - LWDynamicFont (from `../`)
  - LWProgressView (from `https://gitlab.com/ioslibraries1/libprogressview.git`, branch `master`)

SPEC REPOS:
  trunk:
    - CircleProgressBar
    - Masonry

EXTERNAL SOURCES:
  LWDynamicFont:
    :path: "../"
  LWProgressView:
    :branch: master
    :git: https://gitlab.com/ioslibraries1/libprogressview.git

CHECKOUT OPTIONS:
  LWProgressView:
    :commit: 9aa078ab6db98b995fa83fa286e78a5adc3b85d2
    :git: https://gitlab.com/ioslibraries1/libprogressview.git

SPEC CHECKSUMS:
  CircleProgressBar: 3920079be5224b62b3d9ed6eeb23ac01c835b681
  LWDynamicFont: 2c3db09f47f8d3036d3aa21796863dd97013d298
  LWProgressView: 93d67b83daab9334b586d6e8362eec1d65c0c738
  Masonry: 678fab65091a9290e40e2832a55e7ab731aad201

PODFILE CHECKSUM: b80b4f12c31e6f6dd9f597c7efb22398dea9ac8e

COCOAPODS: 1.8.4
